
Microsoft Visual Studio Solution File, Format Version 12.00
# Visual Studio Version 16
VisualStudioVersion = 16.0.31112.23
MinimumVisualStudioVersion = 10.0.40219.1
Project("{9A19103F-16F7-4668-BE54-9A1E7A4F7556}") = "Blog.Models", "Blog.Models\Blog.Models.csproj", "{3C58BC36-16C9-4358-9372-6C690E6ACD80}"
EndProject
Project("{9A19103F-16F7-4668-BE54-9A1E7A4F7556}") = "Blog.Core", "Blog.Core\Blog.Core.csproj", "{32F8E609-D383-4E39-B197-208FB3015064}"
EndProject
Project("{FAE04EC0-301F-11D3-BF4B-00C04F79EFBC}") = "Blog.API", "Blog.API\Blog.API.csproj", "{2A1F1F3C-6C5C-474C-9D02-903EDBADDC41}"
EndProject
Project("{FAE04EC0-301F-11D3-BF4B-00C04F79EFBC}") = "Blog.UI", "Blog.UI\Blog.UI.csproj", "{0507AD88-DA4B-402E-BBDE-B1B87283A72C}"
EndProject
Global
	GlobalSection(SolutionConfigurationPlatforms) = preSolution
		Debug|Any CPU = Debug|Any CPU
		Release|Any CPU = Release|Any CPU
	EndGlobalSection
	GlobalSection(ProjectConfigurationPlatforms) = postSolution
		{3C58BC36-16C9-4358-9372-6C690E6ACD80}.Debug|Any CPU.ActiveCfg = Debug|Any CPU
		{3C58BC36-16C9-4358-9372-6C690E6ACD80}.Debug|Any CPU.Build.0 = Debug|Any CPU
		{3C58BC36-16C9-4358-9372-6C690E6ACD80}.Release|Any CPU.ActiveCfg = Release|Any CPU
		{3C58BC36-16C9-4358-9372-6C690E6ACD80}.Release|Any CPU.Build.0 = Release|Any CPU
		{32F8E609-D383-4E39-B197-208FB3015064}.Debug|Any CPU.ActiveCfg = Debug|Any CPU
		{32F8E609-D383-4E39-B197-208FB3015064}.Debug|Any CPU.Build.0 = Debug|Any CPU
		{32F8E609-D383-4E39-B197-208FB3015064}.Release|Any CPU.ActiveCfg = Release|Any CPU
		{32F8E609-D383-4E39-B197-208FB3015064}.Release|Any CPU.Build.0 = Release|Any CPU
		{2A1F1F3C-6C5C-474C-9D02-903EDBADDC41}.Debug|Any CPU.ActiveCfg = Debug|Any CPU
		{2A1F1F3C-6C5C-474C-9D02-903EDBADDC41}.Debug|Any CPU.Build.0 = Debug|Any CPU
		{2A1F1F3C-6C5C-474C-9D02-903EDBADDC41}.Release|Any CPU.ActiveCfg = Release|Any CPU
		{2A1F1F3C-6C5C-474C-9D02-903EDBADDC41}.Release|Any CPU.Build.0 = Release|Any CPU
		{0507AD88-DA4B-402E-BBDE-B1B87283A72C}.Debug|Any CPU.ActiveCfg = Debug|Any CPU
		{0507AD88-DA4B-402E-BBDE-B1B87283A72C}.Debug|Any CPU.Build.0 = Debug|Any CPU
		{0507AD88-DA4B-402E-BBDE-B1B87283A72C}.Release|Any CPU.ActiveCfg = Release|Any CPU
		{0507AD88-DA4B-402E-BBDE-B1B87283A72C}.Release|Any CPU.Build.0 = Release|Any CPU
	EndGlobalSection
	GlobalSection(SolutionProperties) = preSolution
		HideSolutionNode = FALSE
	EndGlobalSection
	GlobalSection(ExtensibilityGlobals) = postSolution
		SolutionGuid = {D31BADEF-1065-4AE7-84C9-93BF6996112B}
	EndGlobalSection
EndGlobal
